// !$*UTF8*$!
{
	archiveVersion = 1;
	classes = {
	};
	objectVersion = 55;
	objects = {

/* Begin PBXBuildFile section */
		3A27A08527F31A6100EC8F43 /* ios_assignmentApp.swift in Sources */ = {isa = PBXBuildFile; fileRef = 3A27A08427F31A6100EC8F43 /* ios_assignmentApp.swift */; };
		3A27A08727F31A6100EC8F43 /* HomeView.swift in Sources */ = {isa = PBXBuildFile; fileRef = 3A27A08627F31A6100EC8F43 /* HomeView.swift */; };
		3A27A08927F31A6300EC8F43 /* Assets.xcassets in Resources */ = {isa = PBXBuildFile; fileRef = 3A27A08827F31A6300EC8F43 /* Assets.xcassets */; };
		3A27A08C27F31A6300EC8F43 /* Preview Assets.xcassets in Resources */ = {isa = PBXBuildFile; fileRef = 3A27A08B27F31A6300EC8F43 /* Preview Assets.xcassets */; };
		3A27A09627F31A6400EC8F43 /* ios_assignmentTests.swift in Sources */ = {isa = PBXBuildFile; fileRef = 3A27A09527F31A6400EC8F43 /* ios_assignmentTests.swift */; };
		3A27A0A027F31A6400EC8F43 /* ios_assignmentUITests.swift in Sources */ = {isa = PBXBuildFile; fileRef = 3A27A09F27F31A6400EC8F43 /* ios_assignmentUITests.swift */; };
		3A27A0A227F31A6400EC8F43 /* ios_assignmentUITestsLaunchTests.swift in Sources */ = {isa = PBXBuildFile; fileRef = 3A27A0A127F31A6400EC8F43 /* ios_assignmentUITestsLaunchTests.swift */; };
		3A42AEC627F341DE001770BC /* DiscoveryView.swift in Sources */ = {isa = PBXBuildFile; fileRef = 3A42AEC527F341DE001770BC /* DiscoveryView.swift */; };
		3A42AEC927F349CF001770BC /* MonmentsView.swift in Sources */ = {isa = PBXBuildFile; fileRef = 3A42AEC827F349CF001770BC /* MonmentsView.swift */; };
		3A42AECC27F436EB001770BC /* CoverView.swift in Sources */ = {isa = PBXBuildFile; fileRef = 3A42AECB27F436EB001770BC /* CoverView.swift */; };
		3A42AECE27F43719001770BC /* MonmentView.swift in Sources */ = {isa = PBXBuildFile; fileRef = 3A42AECD27F43719001770BC /* MonmentView.swift */; };
		3A4F91D627F839F20081189D /* MonmentsViewModel.swift in Sources */ = {isa = PBXBuildFile; fileRef = 3A4F91D527F839F20081189D /* MonmentsViewModel.swift */; };
		3A83729127F706D80011372A /* MeView.swift in Sources */ = {isa = PBXBuildFile; fileRef = 3A83729027F706D80011372A /* MeView.swift */; };
		3A83729327F707730011372A /* MeDetailView.swift in Sources */ = {isa = PBXBuildFile; fileRef = 3A83729227F707730011372A /* MeDetailView.swift */; };
		3A83729527F717D60011372A /* ProfileModel.swift in Sources */ = {isa = PBXBuildFile; fileRef = 3A83729427F717D60011372A /* ProfileModel.swift */; };
/* End PBXBuildFile section */

/* Begin PBXContainerItemProxy section */
		3A27A09227F31A6400EC8F43 /* PBXContainerItemProxy */ = {
			isa = PBXContainerItemProxy;
			containerPortal = 3A27A07927F31A6100EC8F43 /* Project object */;
			proxyType = 1;
			remoteGlobalIDString = 3A27A08027F31A6100EC8F43;
			remoteInfo = "ios-assignment";
		};
		3A27A09C27F31A6400EC8F43 /* PBXContainerItemProxy */ = {
			isa = PBXContainerItemProxy;
			containerPortal = 3A27A07927F31A6100EC8F43 /* Project object */;
			proxyType = 1;
			remoteGlobalIDString = 3A27A08027F31A6100EC8F43;
			remoteInfo = "ios-assignment";
		};
/* End PBXContainerItemProxy section */

/* Begin PBXFileReference section */
		3A27A08127F31A6100EC8F43 /* ios-assignment.app */ = {isa = PBXFileReference; explicitFileType = wrapper.application; includeInIndex = 0; path = "ios-assignment.app"; sourceTree = BUILT_PRODUCTS_DIR; };
		3A27A08427F31A6100EC8F43 /* ios_assignmentApp.swift */ = {isa = PBXFileReference; lastKnownFileType = sourcecode.swift; path = ios_assignmentApp.swift; sourceTree = "<group>"; };
		3A27A08627F31A6100EC8F43 /* HomeView.swift */ = {isa = PBXFileReference; lastKnownFileType = sourcecode.swift; path = HomeView.swift; sourceTree = "<group>"; };
		3A27A08827F31A6300EC8F43 /* Assets.xcassets */ = {isa = PBXFileReference; lastKnownFileType = folder.assetcatalog; path = Assets.xcassets; sourceTree = "<group>"; };
		3A27A08B27F31A6300EC8F43 /* Preview Assets.xcassets */ = {isa = PBXFileReference; lastKnownFileType = folder.assetcatalog; path = "Preview Assets.xcassets"; sourceTree = "<group>"; };
		3A27A09127F31A6400EC8F43 /* ios-assignmentTests.xctest */ = {isa = PBXFileReference; explicitFileType = wrapper.cfbundle; includeInIndex = 0; path = "ios-assignmentTests.xctest"; sourceTree = BUILT_PRODUCTS_DIR; };
		3A27A09527F31A6400EC8F43 /* ios_assignmentTests.swift */ = {isa = PBXFileReference; lastKnownFileType = sourcecode.swift; path = ios_assignmentTests.swift; sourceTree = "<group>"; };
		3A27A09B27F31A6400EC8F43 /* ios-assignmentUITests.xctest */ = {isa = PBXFileReference; explicitFileType = wrapper.cfbundle; includeInIndex = 0; path = "ios-assignmentUITests.xctest"; sourceTree = BUILT_PRODUCTS_DIR; };
		3A27A09F27F31A6400EC8F43 /* ios_assignmentUITests.swift */ = {isa = PBXFileReference; lastKnownFileType = sourcecode.swift; path = ios_assignmentUITests.swift; sourceTree = "<group>"; };
		3A27A0A127F31A6400EC8F43 /* ios_assignmentUITestsLaunchTests.swift */ = {isa = PBXFileReference; lastKnownFileType = sourcecode.swift; path = ios_assignmentUITestsLaunchTests.swift; sourceTree = "<group>"; };
		3A42AEC527F341DE001770BC /* DiscoveryView.swift */ = {isa = PBXFileReference; lastKnownFileType = sourcecode.swift; path = DiscoveryView.swift; sourceTree = "<group>"; };
		3A42AEC827F349CF001770BC /* MonmentsView.swift */ = {isa = PBXFileReference; lastKnownFileType = sourcecode.swift; path = MonmentsView.swift; sourceTree = "<group>"; };
		3A42AECB27F436EB001770BC /* CoverView.swift */ = {isa = PBXFileReference; lastKnownFileType = sourcecode.swift; path = CoverView.swift; sourceTree = "<group>"; };
		3A42AECD27F43719001770BC /* MonmentView.swift */ = {isa = PBXFileReference; lastKnownFileType = sourcecode.swift; path = MonmentView.swift; sourceTree = "<group>"; };
		3A4F91D527F839F20081189D /* MonmentsViewModel.swift */ = {isa = PBXFileReference; lastKnownFileType = sourcecode.swift; path = MonmentsViewModel.swift; sourceTree = "<group>"; };
		3A83729027F706D80011372A /* MeView.swift */ = {isa = PBXFileReference; lastKnownFileType = sourcecode.swift; path = MeView.swift; sourceTree = "<group>"; };
		3A83729227F707730011372A /* MeDetailView.swift */ = {isa = PBXFileReference; lastKnownFileType = sourcecode.swift; path = MeDetailView.swift; sourceTree = "<group>"; };
		3A83729427F717D60011372A /* ProfileModel.swift */ = {isa = PBXFileReference; lastKnownFileType = sourcecode.swift; path = ProfileModel.swift; sourceTree = "<group>"; };
/* End PBXFileReference section */

/* Begin PBXFrameworksBuildPhase section */
		3A27A07E27F31A6100EC8F43 /* Frameworks */ = {
			isa = PBXFrameworksBuildPhase;
			buildActionMask = 2147483647;
			files = (
			);
			runOnlyForDeploymentPostprocessing = 0;
		};
		3A27A08E27F31A6400EC8F43 /* Frameworks */ = {
			isa = PBXFrameworksBuildPhase;
			buildActionMask = 2147483647;
			files = (
			);
			runOnlyForDeploymentPostprocessing = 0;
		};
		3A27A09827F31A6400EC8F43 /* Frameworks */ = {
			isa = PBXFrameworksBuildPhase;
			buildActionMask = 2147483647;
			files = (
			);
			runOnlyForDeploymentPostprocessing = 0;
		};
/* End PBXFrameworksBuildPhase section */

/* Begin PBXGroup section */
		3A27A07827F31A6100EC8F43 = {
			isa = PBXGroup;
			children = (
				3A27A08327F31A6100EC8F43 /* ios-assignment */,
				3A27A09427F31A6400EC8F43 /* ios-assignmentTests */,
				3A27A09E27F31A6400EC8F43 /* ios-assignmentUITests */,
				3A27A08227F31A6100EC8F43 /* Products */,
			);
			sourceTree = "<group>";
		};
		3A27A08227F31A6100EC8F43 /* Products */ = {
			isa = PBXGroup;
			children = (
				3A27A08127F31A6100EC8F43 /* ios-assignment.app */,
				3A27A09127F31A6400EC8F43 /* ios-assignmentTests.xctest */,
				3A27A09B27F31A6400EC8F43 /* ios-assignmentUITests.xctest */,
			);
			name = Products;
			sourceTree = "<group>";
		};
		3A27A08327F31A6100EC8F43 /* ios-assignment */ = {
			isa = PBXGroup;
			children = (
				3A83728F27F706C80011372A /* Me */,
				3A42AEC727F349BC001770BC /* Monments */,
				3A42AEC427F341C8001770BC /* Discovery */,
				3A42AEC327F341BE001770BC /* Home */,
				3A27A08427F31A6100EC8F43 /* ios_assignmentApp.swift */,
				3A27A08827F31A6300EC8F43 /* Assets.xcassets */,
				3A27A08A27F31A6300EC8F43 /* Preview Content */,
				3A83729427F717D60011372A /* ProfileModel.swift */,
			);
			path = "ios-assignment";
			sourceTree = "<group>";
		};
		3A27A08A27F31A6300EC8F43 /* Preview Content */ = {
			isa = PBXGroup;
			children = (
				3A27A08B27F31A6300EC8F43 /* Preview Assets.xcassets */,
			);
			path = "Preview Content";
			sourceTree = "<group>";
		};
		3A27A09427F31A6400EC8F43 /* ios-assignmentTests */ = {
			isa = PBXGroup;
			children = (
				3A27A09527F31A6400EC8F43 /* ios_assignmentTests.swift */,
			);
			path = "ios-assignmentTests";
			sourceTree = "<group>";
		};
		3A27A09E27F31A6400EC8F43 /* ios-assignmentUITests */ = {
			isa = PBXGroup;
			children = (
				3A27A09F27F31A6400EC8F43 /* ios_assignmentUITests.swift */,
				3A27A0A127F31A6400EC8F43 /* ios_assignmentUITestsLaunchTests.swift */,
			);
			path = "ios-assignmentUITests";
			sourceTree = "<group>";
		};
		3A42AEC327F341BE001770BC /* Home */ = {
			isa = PBXGroup;
			children = (
				3A27A08627F31A6100EC8F43 /* HomeView.swift */,
			);
			path = Home;
			sourceTree = "<group>";
		};
		3A42AEC427F341C8001770BC /* Discovery */ = {
			isa = PBXGroup;
			children = (
				3A42AEC527F341DE001770BC /* DiscoveryView.swift */,
			);
			path = Discovery;
			sourceTree = "<group>";
		};
		3A42AEC727F349BC001770BC /* Monments */ = {
			isa = PBXGroup;
			children = (
				3A42AEC827F349CF001770BC /* MonmentsView.swift */,
				3A42AECB27F436EB001770BC /* CoverView.swift */,
				3A42AECD27F43719001770BC /* MonmentView.swift */,
				3A4F91D527F839F20081189D /* MonmentsViewModel.swift */,
			);
			path = Monments;
			sourceTree = "<group>";
		};
		3A83728F27F706C80011372A /* Me */ = {
			isa = PBXGroup;
			children = (
				3A83729027F706D80011372A /* MeView.swift */,
				3A83729227F707730011372A /* MeDetailView.swift */,
			);
			path = Me;
			sourceTree = "<group>";
		};
/* End PBXGroup section */

/* Begin PBXNativeTarget section */
		3A27A08027F31A6100EC8F43 /* ios-assignment */ = {
			isa = PBXNativeTarget;
			buildConfigurationList = 3A27A0A527F31A6400EC8F43 /* Build configuration list for PBXNativeTarget "ios-assignment" */;
			buildPhases = (
				3A27A07D27F31A6100EC8F43 /* Sources */,
				3A27A07E27F31A6100EC8F43 /* Frameworks */,
				3A27A07F27F31A6100EC8F43 /* Resources */,
			);
			buildRules = (
			);
			dependencies = (
			);
			name = "ios-assignment";
			productName = "ios-assignment";
			productReference = 3A27A08127F31A6100EC8F43 /* ios-assignment.app */;
			productType = "com.apple.product-type.application";
		};
		3A27A09027F31A6400EC8F43 /* ios-assignmentTests */ = {
			isa = PBXNativeTarget;
			buildConfigurationList = 3A27A0A827F31A6400EC8F43 /* Build configuration list for PBXNativeTarget "ios-assignmentTests" */;
			buildPhases = (
				3A27A08D27F31A6400EC8F43 /* Sources */,
				3A27A08E27F31A6400EC8F43 /* Frameworks */,
				3A27A08F27F31A6400EC8F43 /* Resources */,
			);
			buildRules = (
			);
			dependencies = (
				3A27A09327F31A6400EC8F43 /* PBXTargetDependency */,
			);
			name = "ios-assignmentTests";
			productName = "ios-assignmentTests";
			productReference = 3A27A09127F31A6400EC8F43 /* ios-assignmentTests.xctest */;
			productType = "com.apple.product-type.bundle.unit-test";
		};
		3A27A09A27F31A6400EC8F43 /* ios-assignmentUITests */ = {
			isa = PBXNativeTarget;
			buildConfigurationList = 3A27A0AB27F31A6400EC8F43 /* Build configuration list for PBXNativeTarget "ios-assignmentUITests" */;
			buildPhases = (
				3A27A09727F31A6400EC8F43 /* Sources */,
				3A27A09827F31A6400EC8F43 /* Frameworks */,
				3A27A09927F31A6400EC8F43 /* Resources */,
			);
			buildRules = (
			);
			dependencies = (
				3A27A09D27F31A6400EC8F43 /* PBXTargetDependency */,
			);
			name = "ios-assignmentUITests";
			productName = "ios-assignmentUITests";
			productReference = 3A27A09B27F31A6400EC8F43 /* ios-assignmentUITests.xctest */;
			productType = "com.apple.product-type.bundle.ui-testing";
		};
/* End PBXNativeTarget section */

/* Begin PBXProject section */
		3A27A07927F31A6100EC8F43 /* Project object */ = {
			isa = PBXProject;
			attributes = {
				BuildIndependentTargetsInParallel = 1;
				LastSwiftUpdateCheck = 1330;
				LastUpgradeCheck = 1330;
				TargetAttributes = {
					3A27A08027F31A6100EC8F43 = {
						CreatedOnToolsVersion = 13.3;
					};
					3A27A09027F31A6400EC8F43 = {
						CreatedOnToolsVersion = 13.3;
						TestTargetID = 3A27A08027F31A6100EC8F43;
					};
					3A27A09A27F31A6400EC8F43 = {
						CreatedOnToolsVersion = 13.3;
						TestTargetID = 3A27A08027F31A6100EC8F43;
					};
				};
			};
			buildConfigurationList = 3A27A07C27F31A6100EC8F43 /* Build configuration list for PBXProject "ios-assignment" */;
			compatibilityVersion = "Xcode 13.0";
			developmentRegion = en;
			hasScannedForEncodings = 0;
			knownRegions = (
				en,
				Base,
			);
			mainGroup = 3A27A07827F31A6100EC8F43;
			productRefGroup = 3A27A08227F31A6100EC8F43 /* Products */;
			projectDirPath = "";
			projectRoot = "";
			targets = (
				3A27A08027F31A6100EC8F43 /* ios-assignment */,
				3A27A09027F31A6400EC8F43 /* ios-assignmentTests */,
				3A27A09A27F31A6400EC8F43 /* ios-assignmentUITests */,
			);
		};
/* End PBXProject section */

/* Begin PBXResourcesBuildPhase section */
		3A27A07F27F31A6100EC8F43 /* Resources */ = {
			isa = PBXResourcesBuildPhase;
			buildActionMask = 2147483647;
			files = (
				3A27A08C27F31A6300EC8F43 /* Preview Assets.xcassets in Resources */,
				3A27A08927F31A6300EC8F43 /* Assets.xcassets in Resources */,
			);
			runOnlyForDeploymentPostprocessing = 0;
		};
		3A27A08F27F31A6400EC8F43 /* Resources */ = {
			isa = PBXResourcesBuildPhase;
			buildActionMask = 2147483647;
			files = (
			);
			runOnlyForDeploymentPostprocessing = 0;
		};
		3A27A09927F31A6400EC8F43 /* Resources */ = {
			isa = PBXResourcesBuildPhase;
			buildActionMask = 2147483647;
			files = (
			);
			runOnlyForDeploymentPostprocessing = 0;
		};
/* End PBXResourcesBuildPhase section */

/* Begin PBXSourcesBuildPhase section */
		3A27A07D27F31A6100EC8F43 /* Sources */ = {
			isa = PBXSourcesBuildPhase;
			buildActionMask = 2147483647;
			files = (
				3A83729527F717D60011372A /* ProfileModel.swift in Sources */,
				3A4F91D627F839F20081189D /* MonmentsViewModel.swift in Sources */,
				3A83729127F706D80011372A /* MeView.swift in Sources */,
				3A27A08727F31A6100EC8F43 /* HomeView.swift in Sources */,
				3A42AECC27F436EB001770BC /* CoverView.swift in Sources */,
				3A42AEC927F349CF001770BC /* MonmentsView.swift in Sources */,
				3A42AEC627F341DE001770BC /* DiscoveryView.swift in Sources */,
				3A83729327F707730011372A /* MeDetailView.swift in Sources */,
				3A27A08527F31A6100EC8F43 /* ios_assignmentApp.swift in Sources */,
				3A42AECE27F43719001770BC /* MonmentView.swift in Sources */,
			);
			runOnlyForDeploymentPostprocessing = 0;
		};
		3A27A08D27F31A6400EC8F43 /* Sources */ = {
			isa = PBXSourcesBuildPhase;
			buildActionMask = 2147483647;
			files = (
				3A27A09627F31A6400EC8F43 /* ios_assignmentTests.swift in Sources */,
			);
			runOnlyForDeploymentPostprocessing = 0;
		};
		3A27A09727F31A6400EC8F43 /* Sources */ = {
			isa = PBXSourcesBuildPhase;
			buildActionMask = 2147483647;
			files = (
				3A27A0A027F31A6400EC8F43 /* ios_assignmentUITests.swift in Sources */,
				3A27A0A227F31A6400EC8F43 /* ios_assignmentUITestsLaunchTests.swift in Sources */,
			);
			runOnlyForDeploymentPostprocessing = 0;
		};
/* End PBXSourcesBuildPhase section */

/* Begin PBXTargetDependency section */
		3A27A09327F31A6400EC8F43 /* PBXTargetDependency */ = {
			isa = PBXTargetDependency;
			target = 3A27A08027F31A6100EC8F43 /* ios-assignment */;
			targetProxy = 3A27A09227F31A6400EC8F43 /* PBXContainerItemProxy */;
		};
		3A27A09D27F31A6400EC8F43 /* PBXTargetDependency */ = {
			isa = PBXTargetDependency;
			target = 3A27A08027F31A6100EC8F43 /* ios-assignment */;
			targetProxy = 3A27A09C27F31A6400EC8F43 /* PBXContainerItemProxy */;
		};
/* End PBXTargetDependency section */

/* Begin XCBuildConfiguration section */
		3A27A0A327F31A6400EC8F43 /* Debug */ = {
			isa = XCBuildConfiguration;
			buildSettings = {
				ALWAYS_SEARCH_USER_PATHS = NO;
				CLANG_ANALYZER_NONNULL = YES;
				CLANG_ANALYZER_NUMBER_OBJECT_CONVERSION = YES_AGGRESSIVE;
				CLANG_CXX_LANGUAGE_STANDARD = "gnu++17";
				CLANG_ENABLE_MODULES = YES;
				CLANG_ENABLE_OBJC_ARC = YES;
				CLANG_ENABLE_OBJC_WEAK = YES;
				CLANG_WARN_BLOCK_CAPTURE_AUTORELEASING = YES;
				CLANG_WARN_BOOL_CONVERSION = YES;
				CLANG_WARN_COMMA = YES;
				CLANG_WARN_CONSTANT_CONVERSION = YES;
				CLANG_WARN_DEPRECATED_OBJC_IMPLEMENTATIONS = YES;
				CLANG_WARN_DIRECT_OBJC_ISA_USAGE = YES_ERROR;
				CLANG_WARN_DOCUMENTATION_COMMENTS = YES;
				CLANG_WARN_EMPTY_BODY = YES;
				CLANG_WARN_ENUM_CONVERSION = YES;
				CLANG_WARN_INFINITE_RECURSION = YES;
				CLANG_WARN_INT_CONVERSION = YES;
				CLANG_WARN_NON_LITERAL_NULL_CONVERSION = YES;
				CLANG_WARN_OBJC_IMPLICIT_RETAIN_SELF = YES;
				CLANG_WARN_OBJC_LITERAL_CONVERSION = YES;
				CLANG_WARN_OBJC_ROOT_CLASS = YES_ERROR;
				CLANG_WARN_QUOTED_INCLUDE_IN_FRAMEWORK_HEADER = YES;
				CLANG_WARN_RANGE_LOOP_ANALYSIS = YES;
				CLANG_WARN_STRICT_PROTOTYPES = YES;
				CLANG_WARN_SUSPICIOUS_MOVE = YES;
				CLANG_WARN_UNGUARDED_AVAILABILITY = YES_AGGRESSIVE;
				CLANG_WARN_UNREACHABLE_CODE = YES;
				CLANG_WARN__DUPLICATE_METHOD_MATCH = YES;
				COPY_PHASE_STRIP = NO;
				DEBUG_INFORMATION_FORMAT = dwarf;
				ENABLE_STRICT_OBJC_MSGSEND = YES;
				ENABLE_TESTABILITY = YES;
				GCC_C_LANGUAGE_STANDARD = gnu11;
				GCC_DYNAMIC_NO_PIC = NO;
				GCC_NO_COMMON_BLOCKS = YES;
				GCC_OPTIMIZATION_LEVEL = 0;
				GCC_PREPROCESSOR_DEFINITIONS = (
					"DEBUG=1",
					"$(inherited)",
				);
				GCC_WARN_64_TO_32_BIT_CONVERSION = YES;
				GCC_WARN_ABOUT_RETURN_TYPE = YES_ERROR;
				GCC_WARN_UNDECLARED_SELECTOR = YES;
				GCC_WARN_UNINITIALIZED_AUTOS = YES_AGGRESSIVE;
				GCC_WARN_UNUSED_FUNCTION = YES;
				GCC_WARN_UNUSED_VARIABLE = YES;
				IPHONEOS_DEPLOYMENT_TARGET = 15.4;
				MTL_ENABLE_DEBUG_INFO = INCLUDE_SOURCE;
				MTL_FAST_MATH = YES;
				ONLY_ACTIVE_ARCH = YES;
				SDKROOT = iphoneos;
				SWIFT_ACTIVE_COMPILATION_CONDITIONS = DEBUG;
				SWIFT_OPTIMIZATION_LEVEL = "-Onone";
			};
			name = Debug;
		};
		3A27A0A427F31A6400EC8F43 /* Release */ = {
			isa = XCBuildConfiguration;
			buildSettings = {
				ALWAYS_SEARCH_USER_PATHS = NO;
				CLANG_ANALYZER_NONNULL = YES;
				CLANG_ANALYZER_NUMBER_OBJECT_CONVERSION = YES_AGGRESSIVE;
				CLANG_CXX_LANGUAGE_STANDARD = "gnu++17";
				CLANG_ENABLE_MODULES = YES;
				CLANG_ENABLE_OBJC_ARC = YES;
				CLANG_ENABLE_OBJC_WEAK = YES;
				CLANG_WARN_BLOCK_CAPTURE_AUTORELEASING = YES;
				CLANG_WARN_BOOL_CONVERSION = YES;
				CLANG_WARN_COMMA = YES;
				CLANG_WARN_CONSTANT_CONVERSION = YES;
				CLANG_WARN_DEPRECATED_OBJC_IMPLEMENTATIONS = YES;
				CLANG_WARN_DIRECT_OBJC_ISA_USAGE = YES_ERROR;
				CLANG_WARN_DOCUMENTATION_COMMENTS = YES;
				CLANG_WARN_EMPTY_BODY = YES;
				CLANG_WARN_ENUM_CONVERSION = YES;
				CLANG_WARN_INFINITE_RECURSION = YES;
				CLANG_WARN_INT_CONVERSION = YES;
				CLANG_WARN_NON_LITERAL_NULL_CONVERSION = YES;
				CLANG_WARN_OBJC_IMPLICIT_RETAIN_SELF = YES;
				CLANG_WARN_OBJC_LITERAL_CONVERSION = YES;
				CLANG_WARN_OBJC_ROOT_CLASS = YES_ERROR;
				CLANG_WARN_QUOTED_INCLUDE_IN_FRAMEWORK_HEADER = YES;
				CLANG_WARN_RANGE_LOOP_ANALYSIS = YES;
				CLANG_WARN_STRICT_PROTOTYPES = YES;
				CLANG_WARN_SUSPICIOUS_MOVE = YES;
				CLANG_WARN_UNGUARDED_AVAILABILITY = YES_AGGRESSIVE;
				CLANG_WARN_UNREACHABLE_CODE = YES;
				CLANG_WARN__DUPLICATE_METHOD_MATCH = YES;
				COPY_PHASE_STRIP = NO;
				DEBUG_INFORMATION_FORMAT = "dwarf-with-dsym";
				ENABLE_NS_ASSERTIONS = NO;
				ENABLE_STRICT_OBJC_MSGSEND = YES;
				GCC_C_LANGUAGE_STANDARD = gnu11;
				GCC_NO_COMMON_BLOCKS = YES;
				GCC_WARN_64_TO_32_BIT_CONVERSION = YES;
				GCC_WARN_ABOUT_RETURN_TYPE = YES_ERROR;
				GCC_WARN_UNDECLARED_SELECTOR = YES;
				GCC_WARN_UNINITIALIZED_AUTOS = YES_AGGRESSIVE;
				GCC_WARN_UNUSED_FUNCTION = YES;
				GCC_WARN_UNUSED_VARIABLE = YES;
				IPHONEOS_DEPLOYMENT_TARGET = 15.4;
				MTL_ENABLE_DEBUG_INFO = NO;
				MTL_FAST_MATH = YES;
				SDKROOT = iphoneos;
				SWIFT_COMPILATION_MODE = wholemodule;
				SWIFT_OPTIMIZATION_LEVEL = "-O";
				VALIDATE_PRODUCT = YES;
			};
			name = Release;
		};
		3A27A0A627F31A6400EC8F43 /* Debug */ = {
			isa = XCBuildConfiguration;
			buildSettings = {
				ASSETCATALOG_COMPILER_APPICON_NAME = AppIcon;
				ASSETCATALOG_COMPILER_GLOBAL_ACCENT_COLOR_NAME = AccentColor;
				CODE_SIGN_STYLE = Automatic;
				CURRENT_PROJECT_VERSION = 1;
				DEVELOPMENT_ASSET_PATHS = "\"ios-assignment/Preview Content\"";
				ENABLE_PREVIEWS = YES;
				GENERATE_INFOPLIST_FILE = YES;
				INFOPLIST_KEY_UIApplicationSceneManifest_Generation = YES;
				INFOPLIST_KEY_UIApplicationSupportsIndirectInputEvents = YES;
				INFOPLIST_KEY_UILaunchScreen_Generation = YES;
				INFOPLIST_KEY_UISupportedInterfaceOrientations_iPad = "UIInterfaceOrientationPortrait UIInterfaceOrientationPortraitUpsideDown UIInterfaceOrientationLandscapeLeft UIInterfaceOrientationLandscapeRight";
				INFOPLIST_KEY_UISupportedInterfaceOrientations_iPhone = "UIInterfaceOrientationPortrait UIInterfaceOrientationLandscapeLeft UIInterfaceOrientationLandscapeRight";
				LD_RUNPATH_SEARCH_PATHS = (
					"$(inherited)",
					"@executable_path/Frameworks",
				);
				MARKETING_VERSION = 1.0;
				PRODUCT_BUNDLE_IDENTIFIER = "com.thoughtworks.ios-assignment";
				PRODUCT_NAME = "$(TARGET_NAME)";
				SWIFT_EMIT_LOC_STRINGS = YES;
				SWIFT_VERSION = 5.0;
				TARGETED_DEVICE_FAMILY = "1,2";
			};
			name = Debug;
		};
		3A27A0A727F31A6400EC8F43 /* Release */ = {
			isa = XCBuildConfiguration;
			buildSettings = {
				ASSETCATALOG_COMPILER_APPICON_NAME = AppIcon;
				ASSETCATALOG_COMPILER_GLOBAL_ACCENT_COLOR_NAME = AccentColor;
				CODE_SIGN_STYLE = Automatic;
				CURRENT_PROJECT_VERSION = 1;
				DEVELOPMENT_ASSET_PATHS = "\"ios-assignment/Preview Content\"";
				ENABLE_PREVIEWS = YES;
				GENERATE_INFOPLIST_FILE = YES;
				INFOPLIST_KEY_UIApplicationSceneManifest_Generation = YES;
				INFOPLIST_KEY_UIApplicationSupportsIndirectInputEvents = YES;
				INFOPLIST_KEY_UILaunchScreen_Generation = YES;
				INFOPLIST_KEY_UISupportedInterfaceOrientations_iPad = "UIInterfaceOrientationPortrait UIInterfaceOrientationPortraitUpsideDown UIInterfaceOrientationLandscapeLeft UIInterfaceOrientationLandscapeRight";
				INFOPLIST_KEY_UISupportedInterfaceOrientations_iPhone = "UIInterfaceOrientationPortrait UIInterfaceOrientationLandscapeLeft UIInterfaceOrientationLandscapeRight";
				LD_RUNPATH_SEARCH_PATHS = (
					"$(inherited)",
					"@executable_path/Frameworks",
				);
				MARKETING_VERSION = 1.0;
				PRODUCT_BUNDLE_IDENTIFIER = "com.thoughtworks.ios-assignment";
				PRODUCT_NAME = "$(TARGET_NAME)";
				SWIFT_EMIT_LOC_STRINGS = YES;
				SWIFT_VERSION = 5.0;
				TARGETED_DEVICE_FAMILY = "1,2";
			};
			name = Release;
		};
		3A27A0A927F31A6400EC8F43 /* Debug */ = {
			isa = XCBuildConfiguration;
			buildSettings = {
				ALWAYS_EMBED_SWIFT_STANDARD_LIBRARIES = YES;
				BUNDLE_LOADER = "$(TEST_HOST)";
				CODE_SIGN_STYLE = Automatic;
				CURRENT_PROJECT_VERSION = 1;
				GENERATE_INFOPLIST_FILE = YES;
				IPHONEOS_DEPLOYMENT_TARGET = 15.4;
				MARKETING_VERSION = 1.0;
				PRODUCT_BUNDLE_IDENTIFIER = "com.thoughtworks.ios-assignmentTests";
				PRODUCT_NAME = "$(TARGET_NAME)";
				SWIFT_EMIT_LOC_STRINGS = NO;
				SWIFT_VERSION = 5.0;
				TARGETED_DEVICE_FAMILY = "1,2";
				TEST_HOST = "$(BUILT_PRODUCTS_DIR)/ios-assignment.app/ios-assignment";
			};
			name = Debug;
		};
		3A27A0AA27F31A6400EC8F43 /* Release */ = {
			isa = XCBuildConfiguration;
			buildSettings = {
				ALWAYS_EMBED_SWIFT_STANDARD_LIBRARIES = YES;
				BUNDLE_LOADER = "$(TEST_HOST)";
				CODE_SIGN_STYLE = Automatic;
				CURRENT_PROJECT_VERSION = 1;
				GENERATE_INFOPLIST_FILE = YES;
				IPHONEOS_DEPLOYMENT_TARGET = 15.4;
				MARKETING_VERSION = 1.0;
				PRODUCT_BUNDLE_IDENTIFIER = "com.thoughtworks.ios-assignmentTests";
				PRODUCT_NAME = "$(TARGET_NAME)";
				SWIFT_EMIT_LOC_STRINGS = NO;
				SWIFT_VERSION = 5.0;
				TARGETED_DEVICE_FAMILY = "1,2";
				TEST_HOST = "$(BUILT_PRODUCTS_DIR)/ios-assignment.app/ios-assignment";
			};
			name = Release;
		};
		3A27A0AC27F31A6400EC8F43 /* Debug */ = {
			isa = XCBuildConfiguration;
			buildSettings = {
				ALWAYS_EMBED_SWIFT_STANDARD_LIBRARIES = YES;
				CODE_SIGN_STYLE = Automatic;
				CURRENT_PROJECT_VERSION = 1;
				GENERATE_INFOPLIST_FILE = YES;
				MARKETING_VERSION = 1.0;
				PRODUCT_BUNDLE_IDENTIFIER = "com.thoughtworks.ios-assignmentUITests";
				PRODUCT_NAME = "$(TARGET_NAME)";
				SWIFT_EMIT_LOC_STRINGS = NO;
				SWIFT_VERSION = 5.0;
				TARGETED_DEVICE_FAMILY = "1,2";
				TEST_TARGET_NAME = "ios-assignment";
			};
			name = Debug;
		};
		3A27A0AD27F31A6400EC8F43 /* Release */ = {
			isa = XCBuildConfiguration;
			buildSettings = {
				ALWAYS_EMBED_SWIFT_STANDARD_LIBRARIES = YES;
				CODE_SIGN_STYLE = Automatic;
				CURRENT_PROJECT_VERSION = 1;
				GENERATE_INFOPLIST_FILE = YES;
				MARKETING_VERSION = 1.0;
				PRODUCT_BUNDLE_IDENTIFIER = "com.thoughtworks.ios-assignmentUITests";
				PRODUCT_NAME = "$(TARGET_NAME)";
				SWIFT_EMIT_LOC_STRINGS = NO;
				SWIFT_VERSION = 5.0;
				TARGETED_DEVICE_FAMILY = "1,2";
				TEST_TARGET_NAME = "ios-assignment";
			};
			name = Release;
		};
/* End XCBuildConfiguration section */

/* Begin XCConfigurationList section */
		3A27A07C27F31A6100EC8F43 /* Build configuration list for PBXProject "ios-assignment" */ = {
			isa = XCConfigurationList;
			buildConfigurations = (
				3A27A0A327F31A6400EC8F43 /* Debug */,
				3A27A0A427F31A6400EC8F43 /* Release */,
			);
			defaultConfigurationIsVisible = 0;
			defaultConfigurationName = Release;
		};
		3A27A0A527F31A6400EC8F43 /* Build configuration list for PBXNativeTarget "ios-assignment" */ = {
			isa = XCConfigurationList;
			buildConfigurations = (
				3A27A0A627F31A6400EC8F43 /* Debug */,
				3A27A0A727F31A6400EC8F43 /* Release */,
			);
			defaultConfigurationIsVisible = 0;
			defaultConfigurationName = Release;
		};
		3A27A0A827F31A6400EC8F43 /* Build configuration list for PBXNativeTarget "ios-assignmentTests" */ = {
			isa = XCConfigurationList;
			buildConfigurations = (
				3A27A0A927F31A6400EC8F43 /* Debug */,
				3A27A0AA27F31A6400EC8F43 /* Release */,
			);
			defaultConfigurationIsVisible = 0;
			defaultConfigurationName = Release;
		};
		3A27A0AB27F31A6400EC8F43 /* Build configuration list for PBXNativeTarget "ios-assignmentUITests" */ = {
			isa = XCConfigurationList;
			buildConfigurations = (
				3A27A0AC27F31A6400EC8F43 /* Debug */,
				3A27A0AD27F31A6400EC8F43 /* Release */,
			);
			defaultConfigurationIsVisible = 0;
			defaultConfigurationName = Release;
		};
/* End XCConfigurationList section */
	};
	rootObject = 3A27A07927F31A6100EC8F43 /* Project object */;
}
